
Microsoft Visual Studio Solution File, Format Version 12.00
# Visual Studio Version 17
VisualStudioVersion = 17.5.33530.505
MinimumVisualStudioVersion = 10.0.40219.1
Project("{FAE04EC0-301F-11D3-BF4B-00C04F79EFBC}") = "Auth_Windows", "Auth_Windows\Auth_Windows.csproj", "{36DBA752-EF78-43F7-9213-58C5301FC85F}"
EndProject
Project("{FAE04EC0-301F-11D3-BF4B-00C04F79EFBC}") = "Auth_MicrosoftIdentityPlatform", "Auth_MicrosoftIdentityPlatform\Auth_MicrosoftIdentityPlatform.csproj", "{B96200C6-1CFC-4A21-B0F4-92032CA24C6D}"
EndProject
Project("{FAE04EC0-301F-11D3-BF4B-00C04F79EFBC}") = "Auth_Google", "Auth_Google\Auth_Google.csproj", "{DD13F229-04DF-4A27-A8F8-0E7B50086F1A}"
EndProject
Global
	GlobalSection(SolutionConfigurationPlatforms) = preSolution
		Debug|Any CPU = Debug|Any CPU
		Release|Any CPU = Release|Any CPU
	EndGlobalSection
	GlobalSection(ProjectConfigurationPlatforms) = postSolution
		{36DBA752-EF78-43F7-9213-58C5301FC85F}.Debug|Any CPU.ActiveCfg = Debug|Any CPU
		{36DBA752-EF78-43F7-9213-58C5301FC85F}.Debug|Any CPU.Build.0 = Debug|Any CPU
		{36DBA752-EF78-43F7-9213-58C5301FC85F}.Release|Any CPU.ActiveCfg = Release|Any CPU
		{36DBA752-EF78-43F7-9213-58C5301FC85F}.Release|Any CPU.Build.0 = Release|Any CPU
		{B96200C6-1CFC-4A21-B0F4-92032CA24C6D}.Debug|Any CPU.ActiveCfg = Debug|Any CPU
		{B96200C6-1CFC-4A21-B0F4-92032CA24C6D}.Debug|Any CPU.Build.0 = Debug|Any CPU
		{B96200C6-1CFC-4A21-B0F4-92032CA24C6D}.Release|Any CPU.ActiveCfg = Release|Any CPU
		{B96200C6-1CFC-4A21-B0F4-92032CA24C6D}.Release|Any CPU.Build.0 = Release|Any CPU
		{DD13F229-04DF-4A27-A8F8-0E7B50086F1A}.Debug|Any CPU.ActiveCfg = Debug|Any CPU
		{DD13F229-04DF-4A27-A8F8-0E7B50086F1A}.Debug|Any CPU.Build.0 = Debug|Any CPU
		{DD13F229-04DF-4A27-A8F8-0E7B50086F1A}.Release|Any CPU.ActiveCfg = Release|Any CPU
		{DD13F229-04DF-4A27-A8F8-0E7B50086F1A}.Release|Any CPU.Build.0 = Release|Any CPU
	EndGlobalSection
	GlobalSection(SolutionProperties) = preSolution
		HideSolutionNode = FALSE
	EndGlobalSection
	GlobalSection(ExtensibilityGlobals) = postSolution
		SolutionGuid = {C06BA101-4B45-4959-B3D7-076929BDDA3B}
	EndGlobalSection
EndGlobal
