
Microsoft Visual Studio Solution File, Format Version 12.00
# Visual Studio Version 17
VisualStudioVersion = 17.5.33530.505
MinimumVisualStudioVersion = 10.0.40219.1
Project("{9A19103F-16F7-4668-BE54-9A1E7A4F7556}") = "BlazorServerApp", "BlazorServerApp\BlazorServerApp.csproj", "{BEC18A6D-E45E-47A4-B92B-6D5746079CED}"
EndProject
Project("{9A19103F-16F7-4668-BE54-9A1E7A4F7556}") = "BlazorWebAssemblyApp", "BlazorWebAssemblyApp\BlazorWebAssemblyApp.csproj", "{EE606C15-8AE1-44BC-88C1-4323B94B8454}"
EndProject
Project("{FAE04EC0-301F-11D3-BF4B-00C04F79EFBC}") = "BlazorWebAssemblyEmptyApp", "BlazorWebAssemblyEmptyApp\BlazorWebAssemblyEmptyApp.csproj", "{B8AE0422-3261-41AE-BB6E-569C07291373}"
EndProject
Global
	GlobalSection(SolutionConfigurationPlatforms) = preSolution
		Debug|Any CPU = Debug|Any CPU
		Release|Any CPU = Release|Any CPU
	EndGlobalSection
	GlobalSection(ProjectConfigurationPlatforms) = postSolution
		{BEC18A6D-E45E-47A4-B92B-6D5746079CED}.Debug|Any CPU.ActiveCfg = Debug|Any CPU
		{BEC18A6D-E45E-47A4-B92B-6D5746079CED}.Debug|Any CPU.Build.0 = Debug|Any CPU
		{BEC18A6D-E45E-47A4-B92B-6D5746079CED}.Release|Any CPU.ActiveCfg = Release|Any CPU
		{BEC18A6D-E45E-47A4-B92B-6D5746079CED}.Release|Any CPU.Build.0 = Release|Any CPU
		{EE606C15-8AE1-44BC-88C1-4323B94B8454}.Debug|Any CPU.ActiveCfg = Debug|Any CPU
		{EE606C15-8AE1-44BC-88C1-4323B94B8454}.Debug|Any CPU.Build.0 = Debug|Any CPU
		{EE606C15-8AE1-44BC-88C1-4323B94B8454}.Release|Any CPU.ActiveCfg = Release|Any CPU
		{EE606C15-8AE1-44BC-88C1-4323B94B8454}.Release|Any CPU.Build.0 = Release|Any CPU
		{B8AE0422-3261-41AE-BB6E-569C07291373}.Debug|Any CPU.ActiveCfg = Debug|Any CPU
		{B8AE0422-3261-41AE-BB6E-569C07291373}.Debug|Any CPU.Build.0 = Debug|Any CPU
		{B8AE0422-3261-41AE-BB6E-569C07291373}.Release|Any CPU.ActiveCfg = Release|Any CPU
		{B8AE0422-3261-41AE-BB6E-569C07291373}.Release|Any CPU.Build.0 = Release|Any CPU
	EndGlobalSection
	GlobalSection(SolutionProperties) = preSolution
		HideSolutionNode = FALSE
	EndGlobalSection
	GlobalSection(ExtensibilityGlobals) = postSolution
		SolutionGuid = {0BF945DB-5685-4CA2-A506-9305855E6780}
	EndGlobalSection
EndGlobal
